
Microsoft Visual Studio Solution File, Format Version 12.00
# Visual Studio 15
Project("{FAE04EC0-301F-11D3-BF4B-00C04F79EFBC}") = "SchedulerApp", "SchedulerApp\SchedulerApp.csproj", "{83E69EC0-FD3E-4354-82CA-8CEFC194DC91}"
EndProject
Project("{FAE04EC0-301F-11D3-BF4B-00C04F79EFBC}") = "Scheduler.Domain", "Scheduler.Domain\Scheduler.Domain.csproj", "{A866BFC5-CECE-47C6-B290-A1A2EBA8DB48}"
EndProject
Project("{FAE04EC0-301F-11D3-BF4B-00C04F79EFBC}") = "Scheduler.Data", "Scheduler.Data\Scheduler.Data.csproj", "{FA4742DA-8EFF-4D8C-9296-C9FA0CC0266E}"
EndProject
Project("{FAE04EC0-301F-11D3-BF4B-00C04F79EFBC}") = "Scheduler.BL", "Scheduler.BL\Scheduler.BL.csproj", "{89D9A3BF-CE30-4B03-8160-D0A1AA8F5060}"
EndProject
Global
	GlobalSection(SolutionConfigurationPlatforms) = preSolution
		Debug|Any CPU = Debug|Any CPU
		Release|Any CPU = Release|Any CPU
	EndGlobalSection
	GlobalSection(ProjectConfigurationPlatforms) = postSolution
		{83E69EC0-FD3E-4354-82CA-8CEFC194DC91}.Debug|Any CPU.ActiveCfg = Debug|Any CPU
		{83E69EC0-FD3E-4354-82CA-8CEFC194DC91}.Debug|Any CPU.Build.0 = Debug|Any CPU
		{83E69EC0-FD3E-4354-82CA-8CEFC194DC91}.Release|Any CPU.ActiveCfg = Release|Any CPU
		{83E69EC0-FD3E-4354-82CA-8CEFC194DC91}.Release|Any CPU.Build.0 = Release|Any CPU
		{A866BFC5-CECE-47C6-B290-A1A2EBA8DB48}.Debug|Any CPU.ActiveCfg = Debug|Any CPU
		{A866BFC5-CECE-47C6-B290-A1A2EBA8DB48}.Debug|Any CPU.Build.0 = Debug|Any CPU
		{A866BFC5-CECE-47C6-B290-A1A2EBA8DB48}.Release|Any CPU.ActiveCfg = Release|Any CPU
		{A866BFC5-CECE-47C6-B290-A1A2EBA8DB48}.Release|Any CPU.Build.0 = Release|Any CPU
		{FA4742DA-8EFF-4D8C-9296-C9FA0CC0266E}.Debug|Any CPU.ActiveCfg = Debug|Any CPU
		{FA4742DA-8EFF-4D8C-9296-C9FA0CC0266E}.Debug|Any CPU.Build.0 = Debug|Any CPU
		{FA4742DA-8EFF-4D8C-9296-C9FA0CC0266E}.Release|Any CPU.ActiveCfg = Release|Any CPU
		{FA4742DA-8EFF-4D8C-9296-C9FA0CC0266E}.Release|Any CPU.Build.0 = Release|Any CPU
		{89D9A3BF-CE30-4B03-8160-D0A1AA8F5060}.Debug|Any CPU.ActiveCfg = Debug|Any CPU
		{89D9A3BF-CE30-4B03-8160-D0A1AA8F5060}.Debug|Any CPU.Build.0 = Debug|Any CPU
		{89D9A3BF-CE30-4B03-8160-D0A1AA8F5060}.Release|Any CPU.ActiveCfg = Release|Any CPU
		{89D9A3BF-CE30-4B03-8160-D0A1AA8F5060}.Release|Any CPU.Build.0 = Release|Any CPU
	EndGlobalSection
EndGlobal
